{"version":4,"terraform_version":"1.8.7","serial":1,"lineage":"d15e4ee5-6e76-2c1c-f9c5-5365fcd9898a","outputs":{},"resources":[{"mode":"managed","type":"aws_key_pair","name":"jupyter_key","provider":"provider[\"registry.opentofu.org/hashicorp/aws\"]","instances":[{"schema_version":1,"attributes":{"arn":"arn:aws:ec2:us-east-1:052552561229:key-pair/jupyter-key","fingerprint":"GER3coJggNgXXyNcSlls/RVSO6nzIHjKb6mJh1AJFhw=","id":"jupyter-key","key_name":"jupyter-key","key_name_prefix":"","key_pair_id":"key-025889892cc06c0ba","key_type":"ed25519","public_key":"ssh-ed25519 AAAAC3NzaC1lZDI1NTE5AAAAICrU8V8KXdc+jkKlWDvK+zKcm7L9EkBLq3eOpaRvi6yt praveen@WonderOfTheSeas.local","tags":null,"tags_all":{}},"sensitive_attributes":[],"private":"eyJzY2hlbWFfdmVyc2lvbiI6IjEifQ=="}]}],"check_results":null}
