{"version":4,"terraform_version":"1.8.7","serial":18,"lineage":"d15e4ee5-6e76-2c1c-f9c5-5365fcd9898a","outputs":{"connection_instructions":{"value":"    Jupyter Token: 23886544e260fdde4d2d8eb315daaff2ae6d2c23f6b3cce2\n\n    Your SSH config has been updated. You can now:\n\n    1. Create SSH tunnel:\n       ssh -N -L 8888:localhost:8888 jupyter-aws\n\n    2. Access Jupyter in your browser:\n       http://localhost:8888\n       \n    3. Use the token above to log in\n\n    Direct SSH access:\n       ssh jupyter-aws\n","type":"string"},"jupyter_token":{"value":"23886544e260fdde4d2d8eb315daaff2ae6d2c23f6b3cce2","type":"string"}},"resources":[{"mode":"data","type":"local_file","name":"jupyter_token","provider":"provider[\"registry.opentofu.org/hashicorp/local\"]","instances":[{"schema_version":0,"attributes":{"content":"23886544e260fdde4d2d8eb315daaff2ae6d2c23f6b3cce2\n","content_base64":"MjM4ODY1NDRlMjYwZmRkZTRkMmQ4ZWIzMTVkYWFmZjJhZTZkMmMyM2Y2YjNjY2UyCg==","content_base64sha256":"WS5Ec0STyZGMKXbW3Y3JKuvAwtkMEkmjJDKbatxcaZM=","content_base64sha512":"VsmBZitw7iqF4TgYn+EC43uh2zYRauhISAOPYn6I31CLrlVUrTDyJZnLyeHeFONHcfx94+GocuJoz8gNncJHqw==","content_md5":"82d1a75d0861a4730d1879d4c23d64f5","content_sha1":"f47401e336ff7f3803c5fb16debf78cc69149ce3","content_sha256":"592e44734493c9918c2976d6dd8dc92aebc0c2d90c1249a324329b6adc5c6993","content_sha512":"56c981662b70ee2a85e138189fe102e37ba1db36116ae84848038f627e88df508bae5554ad30f22599cbc9e1de14e34771fc7de3e1a872e268cfc80d9dc247ab","filename":"jupyter_token.txt","id":"f47401e336ff7f3803c5fb16debf78cc69149ce3"},"sensitive_attributes":[]}]},{"mode":"managed","type":"aws_default_subnet","name":"default_az1","provider":"provider[\"registry.opentofu.org/hashicorp/aws\"]","instances":[{"schema_version":1,"attributes":{"arn":"arn:aws:ec2:us-east-1:052552561229:subnet/subnet-027348948d565ace0","assign_ipv6_address_on_creation":false,"availability_zone":"us-east-1a","availability_zone_id":"use1-az1","cidr_block":"172.31.0.0/20","customer_owned_ipv4_pool":"","enable_dns64":false,"enable_lni_at_device_index":0,"enable_resource_name_dns_a_record_on_launch":false,"enable_resource_name_dns_aaaa_record_on_launch":false,"existing_default_subnet":true,"force_destroy":false,"id":"subnet-027348948d565ace0","ipv6_cidr_block":"","ipv6_cidr_block_association_id":"","ipv6_native":false,"map_customer_owned_ip_on_launch":false,"map_public_ip_on_launch":true,"outpost_arn":"","owner_id":"052552561229","private_dns_hostname_type_on_launch":"ip-name","tags":{"Name":"Default subnet for us-east-1a"},"tags_all":{"Name":"Default subnet for us-east-1a"},"timeouts":null,"vpc_id":"vpc-036514a66f5996593"},"sensitive_attributes":[],"private":"eyJlMmJmYjczMC1lY2FhLTExZTYtOGY4OC0zNDM2M2JjN2M0YzAiOnsiY3JlYXRlIjo2MDAwMDAwMDAwMDAsImRlbGV0ZSI6MTIwMDAwMDAwMDAwMH0sInNjaGVtYV92ZXJzaW9uIjoiMSJ9","dependencies":["aws_default_vpc.default"]}]},{"mode":"managed","type":"aws_default_subnet","name":"default_az2","provider":"provider[\"registry.opentofu.org/hashicorp/aws\"]","instances":[{"schema_version":1,"attributes":{"arn":"arn:aws:ec2:us-east-1:052552561229:subnet/subnet-0c5d7e61bbb5f5cfd","assign_ipv6_address_on_creation":false,"availability_zone":"us-east-1b","availability_zone_id":"use1-az2","cidr_block":"172.31.80.0/20","customer_owned_ipv4_pool":"","enable_dns64":false,"enable_lni_at_device_index":0,"enable_resource_name_dns_a_record_on_launch":false,"enable_resource_name_dns_aaaa_record_on_launch":false,"existing_default_subnet":true,"force_destroy":false,"id":"subnet-0c5d7e61bbb5f5cfd","ipv6_cidr_block":"","ipv6_cidr_block_association_id":"","ipv6_native":false,"map_customer_owned_ip_on_launch":false,"map_public_ip_on_launch":true,"outpost_arn":"","owner_id":"052552561229","private_dns_hostname_type_on_launch":"ip-name","tags":{"Name":"Default subnet for us-east-1b"},"tags_all":{"Name":"Default subnet for us-east-1b"},"timeouts":null,"vpc_id":"vpc-036514a66f5996593"},"sensitive_attributes":[],"private":"eyJlMmJmYjczMC1lY2FhLTExZTYtOGY4OC0zNDM2M2JjN2M0YzAiOnsiY3JlYXRlIjo2MDAwMDAwMDAwMDAsImRlbGV0ZSI6MTIwMDAwMDAwMDAwMH0sInNjaGVtYV92ZXJzaW9uIjoiMSJ9","dependencies":["aws_default_vpc.default"]}]},{"mode":"managed","type":"aws_default_vpc","name":"default","provider":"provider[\"registry.opentofu.org/hashicorp/aws\"]","instances":[{"schema_version":1,"attributes":{"arn":"arn:aws:ec2:us-east-1:052552561229:vpc/vpc-036514a66f5996593","assign_generated_ipv6_cidr_block":false,"cidr_block":"172.31.0.0/16","default_network_acl_id":"acl-0e42bdcf2779cf459","default_route_table_id":"rtb-0799e2eb1c718a9ce","default_security_group_id":"sg-04347df40494d2ef0","dhcp_options_id":"dopt-87b698fd","enable_dns_hostnames":true,"enable_dns_support":true,"enable_network_address_usage_metrics":false,"existing_default_vpc":false,"force_destroy":false,"id":"vpc-036514a66f5996593","instance_tenancy":"default","ipv6_association_id":"","ipv6_cidr_block":"","ipv6_cidr_block_network_border_group":"","ipv6_ipam_pool_id":"","ipv6_netmask_length":0,"main_route_table_id":"rtb-0799e2eb1c718a9ce","owner_id":"052552561229","tags":{"Name":"Default VPC"},"tags_all":{"Name":"Default VPC"}},"sensitive_attributes":[],"private":"eyJzY2hlbWFfdmVyc2lvbiI6IjEifQ=="}]},{"mode":"managed","type":"aws_ebs_volume","name":"jupyter_data","provider":"provider[\"registry.opentofu.org/hashicorp/aws\"]","instances":[{"schema_version":0,"attributes":{"arn":"arn:aws:ec2:us-east-1:052552561229:volume/vol-03c2e3493c68efff4","availability_zone":"us-east-1a","encrypted":false,"final_snapshot":false,"id":"vol-03c2e3493c68efff4","iops":3000,"kms_key_id":"","multi_attach_enabled":false,"outpost_arn":"","size":1024,"snapshot_id":"","tags":{"Name":"jupyter-data"},"tags_all":{"Name":"jupyter-data"},"throughput":125,"timeouts":null,"type":"gp3"},"sensitive_attributes":[],"private":"eyJlMmJmYjczMC1lY2FhLTExZTYtOGY4OC0zNDM2M2JjN2M0YzAiOnsiY3JlYXRlIjozMDAwMDAwMDAwMDAsImRlbGV0ZSI6NjAwMDAwMDAwMDAwLCJ1cGRhdGUiOjMwMDAwMDAwMDAwMH19"}]},{"mode":"managed","type":"aws_instance","name":"jupyter_server","provider":"provider[\"registry.opentofu.org/hashicorp/aws\"]","instances":[{"schema_version":1,"attributes":{"ami":"ami-0453ec754f44f9a4a","arn":"arn:aws:ec2:us-east-1:052552561229:instance/i-0d3eb43ccb6067d85","associate_public_ip_address":true,"availability_zone":"us-east-1a","capacity_reservation_specification":[{"capacity_reservation_preference":"open","capacity_reservation_target":[]}],"cpu_core_count":1,"cpu_options":[{"amd_sev_snp":"","core_count":1,"threads_per_core":2}],"cpu_threads_per_core":2,"credit_specification":[{"cpu_credits":"unlimited"}],"disable_api_stop":false,"disable_api_termination":false,"ebs_block_device":[{"delete_on_termination":false,"device_name":"/dev/sdf","encrypted":false,"iops":3000,"kms_key_id":"","snapshot_id":"","tags":{"Name":"jupyter-data"},"tags_all":{"Name":"jupyter-data"},"throughput":125,"volume_id":"vol-03c2e3493c68efff4","volume_size":1024,"volume_type":"gp3"}],"ebs_optimized":false,"enable_primary_ipv6":null,"enclave_options":[{"enabled":false}],"ephemeral_block_device":[],"get_password_data":false,"hibernation":false,"host_id":"","host_resource_group_arn":null,"iam_instance_profile":"","id":"i-0d3eb43ccb6067d85","instance_initiated_shutdown_behavior":"stop","instance_lifecycle":"","instance_market_options":[],"instance_state":"running","instance_type":"t3.medium","ipv6_address_count":0,"ipv6_addresses":[],"key_name":"jupyter-key","launch_template":[],"maintenance_options":[{"auto_recovery":"default"}],"metadata_options":[{"http_endpoint":"enabled","http_protocol_ipv6":"disabled","http_put_response_hop_limit":2,"http_tokens":"required","instance_metadata_tags":"disabled"}],"monitoring":false,"network_interface":[],"outpost_arn":"","password_data":"","placement_group":"","placement_partition_number":0,"primary_network_interface_id":"eni-07d662dfc8d189f92","private_dns":"ip-172-31-7-159.ec2.internal","private_dns_name_options":[{"enable_resource_name_dns_a_record":false,"enable_resource_name_dns_aaaa_record":false,"hostname_type":"ip-name"}],"private_ip":"172.31.7.159","public_dns":"ec2-3-222-115-250.compute-1.amazonaws.com","public_ip":"3.222.115.250","root_block_device":[{"delete_on_termination":true,"device_name":"/dev/xvda","encrypted":true,"iops":3000,"kms_key_id":"arn:aws:kms:us-east-1:052552561229:key/3d629be1-c9fb-4f49-a791-9ae982a368c0","tags":{},"tags_all":{},"throughput":125,"volume_id":"vol-03f64ccb567cdb81e","volume_size":20,"volume_type":"gp3"}],"secondary_private_ips":[],"security_groups":["jupyter-server-sg"],"source_dest_check":true,"spot_instance_request_id":"","subnet_id":"subnet-027348948d565ace0","tags":{"Name":"jupyter-server"},"tags_all":{"Name":"jupyter-server"},"tenancy":"default","timeouts":null,"user_data":"0281662b881a996d54758a2fbf7350c770ece6d9","user_data_base64":null,"user_data_replace_on_change":false,"volume_tags":null,"vpc_security_group_ids":["sg-08d36187e1c66fa28"]},"sensitive_attributes":[[{"type":"get_attr","value":"user_data"}]],"private":"eyJlMmJmYjczMC1lY2FhLTExZTYtOGY4OC0zNDM2M2JjN2M0YzAiOnsiY3JlYXRlIjo2MDAwMDAwMDAwMDAsImRlbGV0ZSI6MTIwMDAwMDAwMDAwMCwicmVhZCI6OTAwMDAwMDAwMDAwLCJ1cGRhdGUiOjYwMDAwMDAwMDAwMH0sInNjaGVtYV92ZXJzaW9uIjoiMSJ9","dependencies":["aws_default_subnet.default_az1","aws_default_vpc.default","aws_key_pair.jupyter_key","aws_security_group.jupyter_sg"]}]},{"mode":"managed","type":"aws_key_pair","name":"jupyter_key","provider":"provider[\"registry.opentofu.org/hashicorp/aws\"]","instances":[{"schema_version":1,"attributes":{"arn":"arn:aws:ec2:us-east-1:052552561229:key-pair/jupyter-key","fingerprint":"GER3coJggNgXXyNcSlls/RVSO6nzIHjKb6mJh1AJFhw=","id":"jupyter-key","key_name":"jupyter-key","key_name_prefix":"","key_pair_id":"key-025889892cc06c0ba","key_type":"ed25519","public_key":"ssh-ed25519 AAAAC3NzaC1lZDI1NTE5AAAAICrU8V8KXdc+jkKlWDvK+zKcm7L9EkBLq3eOpaRvi6yt praveen@WonderOfTheSeas.local","tags":{},"tags_all":{}},"sensitive_attributes":[],"private":"eyJzY2hlbWFfdmVyc2lvbiI6IjEifQ=="}]},{"mode":"managed","type":"aws_security_group","name":"jupyter_sg","provider":"provider[\"registry.opentofu.org/hashicorp/aws\"]","instances":[{"schema_version":1,"attributes":{"arn":"arn:aws:ec2:us-east-1:052552561229:security-group/sg-08d36187e1c66fa28","description":"Security group for Jupyter server","egress":[{"cidr_blocks":["0.0.0.0/0"],"description":"","from_port":0,"ipv6_cidr_blocks":[],"prefix_list_ids":[],"protocol":"-1","security_groups":[],"self":false,"to_port":0}],"id":"sg-08d36187e1c66fa28","ingress":[{"cidr_blocks":["72.14.201.205/32","76.213.141.141/32"],"description":"SSH access","from_port":8022,"ipv6_cidr_blocks":[],"prefix_list_ids":[],"protocol":"tcp","security_groups":[],"self":false,"to_port":8022}],"name":"jupyter-server-sg","name_prefix":"","owner_id":"052552561229","revoke_rules_on_delete":false,"tags":{"Name":"jupyter-server-sg"},"tags_all":{"Name":"jupyter-server-sg"},"timeouts":null,"vpc_id":"vpc-036514a66f5996593"},"sensitive_attributes":[],"private":"eyJlMmJmYjczMC1lY2FhLTExZTYtOGY4OC0zNDM2M2JjN2M0YzAiOnsiY3JlYXRlIjo2MDAwMDAwMDAwMDAsImRlbGV0ZSI6OTAwMDAwMDAwMDAwfSwic2NoZW1hX3ZlcnNpb24iOiIxIn0=","dependencies":["aws_default_vpc.default"]}]},{"mode":"managed","type":"aws_volume_attachment","name":"jupyter_data_attachment","provider":"provider[\"registry.opentofu.org/hashicorp/aws\"]","instances":[{"schema_version":0,"attributes":{"device_name":"/dev/sdf","force_detach":null,"id":"vai-1556978846","instance_id":"i-0d3eb43ccb6067d85","skip_destroy":null,"stop_instance_before_detaching":null,"timeouts":null,"volume_id":"vol-03c2e3493c68efff4"},"sensitive_attributes":[],"private":"eyJlMmJmYjczMC1lY2FhLTExZTYtOGY4OC0zNDM2M2JjN2M0YzAiOnsiY3JlYXRlIjozMDAwMDAwMDAwMDAsImRlbGV0ZSI6MzAwMDAwMDAwMDAwfX0=","dependencies":["aws_default_subnet.default_az1","aws_default_vpc.default","aws_ebs_volume.jupyter_data","aws_instance.jupyter_server","aws_key_pair.jupyter_key","aws_security_group.jupyter_sg"]}]},{"mode":"managed","type":"null_resource","name":"get_jupyter_token","provider":"provider[\"registry.opentofu.org/hashicorp/null\"]","instances":[{"schema_version":0,"attributes":{"id":"7518273874323772692","triggers":null},"sensitive_attributes":[],"dependencies":["aws_default_subnet.default_az1","aws_default_vpc.default","aws_ebs_volume.jupyter_data","aws_instance.jupyter_server","aws_key_pair.jupyter_key","aws_security_group.jupyter_sg","aws_volume_attachment.jupyter_data_attachment"]}]},{"mode":"managed","type":"null_resource","name":"update_ssh_config","provider":"provider[\"registry.opentofu.org/hashicorp/null\"]","instances":[{"schema_version":0,"attributes":{"id":"552171789675343317","triggers":{"instance_ip":"3.222.115.250"}},"sensitive_attributes":[],"dependencies":["aws_default_subnet.default_az1","aws_default_vpc.default","aws_instance.jupyter_server","aws_key_pair.jupyter_key","aws_security_group.jupyter_sg"]}]}],"check_results":null}
